{
  "name": "cugarete-site",
  "version": "1.0.0",
  "lockfileVersion": 3,
  "requires": true,
  "packages": {
    "": {
      "name": "cugarete-site",
      "version": "1.0.0",
      "license": "MIT",
      "dependencies": {
        "@neabyte/dve": "^0.1.1"
      },
      "engines": {
        "node": ">=20"
      }
    },
    "node_modules/@neabyte/dve": {
      "version": "0.1.1",
      "resolved": "https://registry.npmjs.org/@neabyte/dve/-/dve-0.1.1.tgz",
      "integrity": "sha512-mojT8HYq7FPu5/mrLZts1aqwVmITkAzIln4IER4WgEk1hs8ZdTn/84KSMqllQqT00CobDu7Bx4kn4A5CU/vPhQ==",
      "license": "MIT",
      "engines": {
        "node": ">=24.0.0"
      }
    }
  }
}
